// !$*UTF8*$!
{
	archiveVersion = 1;
	classes = {
	};
	objectVersion = 56;
	objects = {

/* Begin PBXBuildFile section */
		0328ECBB2D030C33004FB71F /* ExpandableCardSwiftUIApp.swift in Sources */ = {isa = PBXBuildFile; fileRef = 0328ECBA2D030C33004FB71F /* ExpandableCardSwiftUIApp.swift */; };
		0328ECBD2D030C33004FB71F /* ContentView.swift in Sources */ = {isa = PBXBuildFile; fileRef = 0328ECBC2D030C33004FB71F /* ContentView.swift */; };
		0328ECBF2D030C34004FB71F /* Assets.xcassets in Resources */ = {isa = PBXBuildFile; fileRef = 0328ECBE2D030C34004FB71F /* Assets.xcassets */; };
		0328ECC22D030C34004FB71F /* Preview Assets.xcassets in Resources */ = {isa = PBXBuildFile; fileRef = 0328ECC12D030C34004FB71F /* Preview Assets.xcassets */; };
		0328ECCA2D030C50004FB71F /* CardModel.swift in Sources */ = {isa = PBXBuildFile; fileRef = 0328ECC92D030C50004FB71F /* CardModel.swift */; };
		0328ECCD2D030E78004FB71F /* ExpandableCardListView.swift in Sources */ = {isa = PBXBuildFile; fileRef = 0328ECCC2D030E78004FB71F /* ExpandableCardListView.swift */; };
		0328ECCF2D031315004FB71F /* ExpandedCardView.swift in Sources */ = {isa = PBXBuildFile; fileRef = 0328ECCE2D031315004FB71F /* ExpandedCardView.swift */; };
		0328ECD12D031E53004FB71F /* CollapsedCardView.swift in Sources */ = {isa = PBXBuildFile; fileRef = 0328ECD02D031E53004FB71F /* CollapsedCardView.swift */; };
/* End PBXBuildFile section */

/* Begin PBXFileReference section */
		0328ECB72D030C33004FB71F /* ExpandableCardSwiftUI.app */ = {isa = PBXFileReference; explicitFileType = wrapper.application; includeInIndex = 0; path = ExpandableCardSwiftUI.app; sourceTree = BUILT_PRODUCTS_DIR; };
		0328ECBA2D030C33004FB71F /* ExpandableCardSwiftUIApp.swift */ = {isa = PBXFileReference; lastKnownFileType = sourcecode.swift; path = ExpandableCardSwiftUIApp.swift; sourceTree = "<group>"; };
		0328ECBC2D030C33004FB71F /* ContentView.swift */ = {isa = PBXFileReference; lastKnownFileType = sourcecode.swift; path = ContentView.swift; sourceTree = "<group>"; };
		0328ECBE2D030C34004FB71F /* Assets.xcassets */ = {isa = PBXFileReference; lastKnownFileType = folder.assetcatalog; path = Assets.xcassets; sourceTree = "<group>"; };
		0328ECC12D030C34004FB71F /* Preview Assets.xcassets */ = {isa = PBXFileReference; lastKnownFileType = folder.assetcatalog; path = "Preview Assets.xcassets"; sourceTree = "<group>"; };
		0328ECC92D030C50004FB71F /* CardModel.swift */ = {isa = PBXFileReference; lastKnownFileType = sourcecode.swift; path = CardModel.swift; sourceTree = "<group>"; };
		0328ECCC2D030E78004FB71F /* ExpandableCardListView.swift */ = {isa = PBXFileReference; lastKnownFileType = sourcecode.swift; path = ExpandableCardListView.swift; sourceTree = "<group>"; };
		0328ECCE2D031315004FB71F /* ExpandedCardView.swift */ = {isa = PBXFileReference; lastKnownFileType = sourcecode.swift; path = ExpandedCardView.swift; sourceTree = "<group>"; };
		0328ECD02D031E53004FB71F /* CollapsedCardView.swift */ = {isa = PBXFileReference; lastKnownFileType = sourcecode.swift; path = CollapsedCardView.swift; sourceTree = "<group>"; };
/* End PBXFileReference section */

/* Begin PBXFrameworksBuildPhase section */
		0328ECB42D030C33004FB71F /* Frameworks */ = {
			isa = PBXFrameworksBuildPhase;
			buildActionMask = 2147483647;
			files = (
			);
			runOnlyForDeploymentPostprocessing = 0;
		};
/* End PBXFrameworksBuildPhase section */

/* Begin PBXGroup section */
		0328ECAE2D030C33004FB71F = {
			isa = PBXGroup;
			children = (
				0328ECB92D030C33004FB71F /* ExpandableCardSwiftUI */,
				0328ECB82D030C33004FB71F /* Products */,
			);
			sourceTree = "<group>";
		};
		0328ECB82D030C33004FB71F /* Products */ = {
			isa = PBXGroup;
			children = (
				0328ECB72D030C33004FB71F /* ExpandableCardSwiftUI.app */,
			);
			name = Products;
			sourceTree = "<group>";
		};
		0328ECB92D030C33004FB71F /* ExpandableCardSwiftUI */ = {
			isa = PBXGroup;
			children = (
				0328ECCB2D030E0C004FB71F /* Views */,
				0328ECC82D030C48004FB71F /* Model */,
				0328ECBA2D030C33004FB71F /* ExpandableCardSwiftUIApp.swift */,
				0328ECBE2D030C34004FB71F /* Assets.xcassets */,
				0328ECC02D030C34004FB71F /* Preview Content */,
			);
			path = ExpandableCardSwiftUI;
			sourceTree = "<group>";
		};
		0328ECC02D030C34004FB71F /* Preview Content */ = {
			isa = PBXGroup;
			children = (
				0328ECC12D030C34004FB71F /* Preview Assets.xcassets */,
			);
			path = "Preview Content";
			sourceTree = "<group>";
		};
		0328ECC82D030C48004FB71F /* Model */ = {
			isa = PBXGroup;
			children = (
				0328ECC92D030C50004FB71F /* CardModel.swift */,
			);
			path = Model;
			sourceTree = "<group>";
		};
		0328ECCB2D030E0C004FB71F /* Views */ = {
			isa = PBXGroup;
			children = (
				0328ECBC2D030C33004FB71F /* ContentView.swift */,
				0328ECCC2D030E78004FB71F /* ExpandableCardListView.swift */,
				0328ECCE2D031315004FB71F /* ExpandedCardView.swift */,
				0328ECD02D031E53004FB71F /* CollapsedCardView.swift */,
			);
			path = Views;
			sourceTree = "<group>";
		};
/* End PBXGroup section */

/* Begin PBXNativeTarget section */
		0328ECB62D030C33004FB71F /* ExpandableCardSwiftUI */ = {
			isa = PBXNativeTarget;
			buildConfigurationList = 0328ECC52D030C34004FB71F /* Build configuration list for PBXNativeTarget "ExpandableCardSwiftUI" */;
			buildPhases = (
				0328ECB32D030C33004FB71F /* Sources */,
				0328ECB42D030C33004FB71F /* Frameworks */,
				0328ECB52D030C33004FB71F /* Resources */,
			);
			buildRules = (
			);
			dependencies = (
			);
			name = ExpandableCardSwiftUI;
			productName = ExpandableCardSwiftUI;
			productReference = 0328ECB72D030C33004FB71F /* ExpandableCardSwiftUI.app */;
			productType = "com.apple.product-type.application";
		};
/* End PBXNativeTarget section */

/* Begin PBXProject section */
		0328ECAF2D030C33004FB71F /* Project object */ = {
			isa = PBXProject;
			attributes = {
				BuildIndependentTargetsInParallel = 1;
				LastSwiftUpdateCheck = 1540;
				LastUpgradeCheck = 1540;
				TargetAttributes = {
					0328ECB62D030C33004FB71F = {
						CreatedOnToolsVersion = 15.4;
					};
				};
			};
			buildConfigurationList = 0328ECB22D030C33004FB71F /* Build configuration list for PBXProject "ExpandableCardSwiftUI" */;
			compatibilityVersion = "Xcode 14.0";
			developmentRegion = en;
			hasScannedForEncodings = 0;
			knownRegions = (
				en,
				Base,
			);
			mainGroup = 0328ECAE2D030C33004FB71F;
			productRefGroup = 0328ECB82D030C33004FB71F /* Products */;
			projectDirPath = "";
			projectRoot = "";
			targets = (
				0328ECB62D030C33004FB71F /* ExpandableCardSwiftUI */,
			);
		};
/* End PBXProject section */

/* Begin PBXResourcesBuildPhase section */
		0328ECB52D030C33004FB71F /* Resources */ = {
			isa = PBXResourcesBuildPhase;
			buildActionMask = 2147483647;
			files = (
				0328ECC22D030C34004FB71F /* Preview Assets.xcassets in Resources */,
				0328ECBF2D030C34004FB71F /* Assets.xcassets in Resources */,
			);
			runOnlyForDeploymentPostprocessing = 0;
		};
/* End PBXResourcesBuildPhase section */

/* Begin PBXSourcesBuildPhase section */
		0328ECB32D030C33004FB71F /* Sources */ = {
			isa = PBXSourcesBuildPhase;
			buildActionMask = 2147483647;
			files = (
				0328ECD12D031E53004FB71F /* CollapsedCardView.swift in Sources */,
				0328ECCF2D031315004FB71F /* ExpandedCardView.swift in Sources */,
				0328ECCD2D030E78004FB71F /* ExpandableCardListView.swift in Sources */,
				0328ECBD2D030C33004FB71F /* ContentView.swift in Sources */,
				0328ECCA2D030C50004FB71F /* CardModel.swift in Sources */,
				0328ECBB2D030C33004FB71F /* ExpandableCardSwiftUIApp.swift in Sources */,
			);
			runOnlyForDeploymentPostprocessing = 0;
		};
/* End PBXSourcesBuildPhase section */

/* Begin XCBuildConfiguration section */
		0328ECC32D030C34004FB71F /* Debug */ = {
			isa = XCBuildConfiguration;
			buildSettings = {
				ALWAYS_SEARCH_USER_PATHS = NO;
				ASSETCATALOG_COMPILER_GENERATE_SWIFT_ASSET_SYMBOL_EXTENSIONS = YES;
				CLANG_ANALYZER_NONNULL = YES;
				CLANG_ANALYZER_NUMBER_OBJECT_CONVERSION = YES_AGGRESSIVE;
				CLANG_CXX_LANGUAGE_STANDARD = "gnu++20";
				CLANG_ENABLE_MODULES = YES;
				CLANG_ENABLE_OBJC_ARC = YES;
				CLANG_ENABLE_OBJC_WEAK = YES;
				CLANG_WARN_BLOCK_CAPTURE_AUTORELEASING = YES;
				CLANG_WARN_BOOL_CONVERSION = YES;
				CLANG_WARN_COMMA = YES;
				CLANG_WARN_CONSTANT_CONVERSION = YES;
				CLANG_WARN_DEPRECATED_OBJC_IMPLEMENTATIONS = YES;
				CLANG_WARN_DIRECT_OBJC_ISA_USAGE = YES_ERROR;
				CLANG_WARN_DOCUMENTATION_COMMENTS = YES;
				CLANG_WARN_EMPTY_BODY = YES;
				CLANG_WARN_ENUM_CONVERSION = YES;
				CLANG_WARN_INFINITE_RECURSION = YES;
				CLANG_WARN_INT_CONVERSION = YES;
				CLANG_WARN_NON_LITERAL_NULL_CONVERSION = YES;
				CLANG_WARN_OBJC_IMPLICIT_RETAIN_SELF = YES;
				CLANG_WARN_OBJC_LITERAL_CONVERSION = YES;
				CLANG_WARN_OBJC_ROOT_CLASS = YES_ERROR;
				CLANG_WARN_QUOTED_INCLUDE_IN_FRAMEWORK_HEADER = YES;
				CLANG_WARN_RANGE_LOOP_ANALYSIS = YES;
				CLANG_WARN_STRICT_PROTOTYPES = YES;
				CLANG_WARN_SUSPICIOUS_MOVE = YES;
				CLANG_WARN_UNGUARDED_AVAILABILITY = YES_AGGRESSIVE;
				CLANG_WARN_UNREACHABLE_CODE = YES;
				CLANG_WARN__DUPLICATE_METHOD_MATCH = YES;
				COPY_PHASE_STRIP = NO;
				DEBUG_INFORMATION_FORMAT = dwarf;
				ENABLE_STRICT_OBJC_MSGSEND = YES;
				ENABLE_TESTABILITY = YES;
				ENABLE_USER_SCRIPT_SANDBOXING = YES;
				GCC_C_LANGUAGE_STANDARD = gnu17;
				GCC_DYNAMIC_NO_PIC = NO;
				GCC_NO_COMMON_BLOCKS = YES;
				GCC_OPTIMIZATION_LEVEL = 0;
				GCC_PREPROCESSOR_DEFINITIONS = (
					"DEBUG=1",
					"$(inherited)",
				);
				GCC_WARN_64_TO_32_BIT_CONVERSION = YES;
				GCC_WARN_ABOUT_RETURN_TYPE = YES_ERROR;
				GCC_WARN_UNDECLARED_SELECTOR = YES;
				GCC_WARN_UNINITIALIZED_AUTOS = YES_AGGRESSIVE;
				GCC_WARN_UNUSED_FUNCTION = YES;
				GCC_WARN_UNUSED_VARIABLE = YES;
				IPHONEOS_DEPLOYMENT_TARGET = 17.5;
				LOCALIZATION_PREFERS_STRING_CATALOGS = YES;
				MTL_ENABLE_DEBUG_INFO = INCLUDE_SOURCE;
				MTL_FAST_MATH = YES;
				ONLY_ACTIVE_ARCH = YES;
				SDKROOT = iphoneos;
				SWIFT_ACTIVE_COMPILATION_CONDITIONS = "DEBUG $(inherited)";
				SWIFT_OPTIMIZATION_LEVEL = "-Onone";
			};
			name = Debug;
		};
		0328ECC42D030C34004FB71F /* Release */ = {
			isa = XCBuildConfiguration;
			buildSettings = {
				ALWAYS_SEARCH_USER_PATHS = NO;
				ASSETCATALOG_COMPILER_GENERATE_SWIFT_ASSET_SYMBOL_EXTENSIONS = YES;
				CLANG_ANALYZER_NONNULL = YES;
				CLANG_ANALYZER_NUMBER_OBJECT_CONVERSION = YES_AGGRESSIVE;
				CLANG_CXX_LANGUAGE_STANDARD = "gnu++20";
				CLANG_ENABLE_MODULES = YES;
				CLANG_ENABLE_OBJC_ARC = YES;
				CLANG_ENABLE_OBJC_WEAK = YES;
				CLANG_WARN_BLOCK_CAPTURE_AUTORELEASING = YES;
				CLANG_WARN_BOOL_CONVERSION = YES;
				CLANG_WARN_COMMA = YES;
				CLANG_WARN_CONSTANT_CONVERSION = YES;
				CLANG_WARN_DEPRECATED_OBJC_IMPLEMENTATIONS = YES;
				CLANG_WARN_DIRECT_OBJC_ISA_USAGE = YES_ERROR;
				CLANG_WARN_DOCUMENTATION_COMMENTS = YES;
				CLANG_WARN_EMPTY_BODY = YES;
				CLANG_WARN_ENUM_CONVERSION = YES;
				CLANG_WARN_INFINITE_RECURSION = YES;
				CLANG_WARN_INT_CONVERSION = YES;
				CLANG_WARN_NON_LITERAL_NULL_CONVERSION = YES;
				CLANG_WARN_OBJC_IMPLICIT_RETAIN_SELF = YES;
				CLANG_WARN_OBJC_LITERAL_CONVERSION = YES;
				CLANG_WARN_OBJC_ROOT_CLASS = YES_ERROR;
				CLANG_WARN_QUOTED_INCLUDE_IN_FRAMEWORK_HEADER = YES;
				CLANG_WARN_RANGE_LOOP_ANALYSIS = YES;
				CLANG_WARN_STRICT_PROTOTYPES = YES;
				CLANG_WARN_SUSPICIOUS_MOVE = YES;
				CLANG_WARN_UNGUARDED_AVAILABILITY = YES_AGGRESSIVE;
				CLANG_WARN_UNREACHABLE_CODE = YES;
				CLANG_WARN__DUPLICATE_METHOD_MATCH = YES;
				COPY_PHASE_STRIP = NO;
				DEBUG_INFORMATION_FORMAT = "dwarf-with-dsym";
				ENABLE_NS_ASSERTIONS = NO;
				ENABLE_STRICT_OBJC_MSGSEND = YES;
				ENABLE_USER_SCRIPT_SANDBOXING = YES;
				GCC_C_LANGUAGE_STANDARD = gnu17;
				GCC_NO_COMMON_BLOCKS = YES;
				GCC_WARN_64_TO_32_BIT_CONVERSION = YES;
				GCC_WARN_ABOUT_RETURN_TYPE = YES_ERROR;
				GCC_WARN_UNDECLARED_SELECTOR = YES;
				GCC_WARN_UNINITIALIZED_AUTOS = YES_AGGRESSIVE;
				GCC_WARN_UNUSED_FUNCTION = YES;
				GCC_WARN_UNUSED_VARIABLE = YES;
				IPHONEOS_DEPLOYMENT_TARGET = 17.5;
				LOCALIZATION_PREFERS_STRING_CATALOGS = YES;
				MTL_ENABLE_DEBUG_INFO = NO;
				MTL_FAST_MATH = YES;
				SDKROOT = iphoneos;
				SWIFT_COMPILATION_MODE = wholemodule;
				VALIDATE_PRODUCT = YES;
			};
			name = Release;
		};
		0328ECC62D030C34004FB71F /* Debug */ = {
			isa = XCBuildConfiguration;
			buildSettings = {
				ASSETCATALOG_COMPILER_APPICON_NAME = AppIcon;
				ASSETCATALOG_COMPILER_GLOBAL_ACCENT_COLOR_NAME = AccentColor;
				CODE_SIGN_STYLE = Automatic;
				CURRENT_PROJECT_VERSION = 1;
				DEVELOPMENT_ASSET_PATHS = "\"ExpandableCardSwiftUI/Preview Content\"";
				ENABLE_PREVIEWS = YES;
				GENERATE_INFOPLIST_FILE = YES;
				INFOPLIST_KEY_UIApplicationSceneManifest_Generation = YES;
				INFOPLIST_KEY_UIApplicationSupportsIndirectInputEvents = YES;
				INFOPLIST_KEY_UILaunchScreen_Generation = YES;
				INFOPLIST_KEY_UISupportedInterfaceOrientations_iPad = "UIInterfaceOrientationPortrait UIInterfaceOrientationPortraitUpsideDown UIInterfaceOrientationLandscapeLeft UIInterfaceOrientationLandscapeRight";
				INFOPLIST_KEY_UISupportedInterfaceOrientations_iPhone = "UIInterfaceOrientationPortrait UIInterfaceOrientationLandscapeLeft UIInterfaceOrientationLandscapeRight";
				LD_RUNPATH_SEARCH_PATHS = (
					"$(inherited)",
					"@executable_path/Frameworks",
				);
				MARKETING_VERSION = 1.0;
				PRODUCT_BUNDLE_IDENTIFIER = com.sarath.ExpandableCardSwiftUI;
				PRODUCT_NAME = "$(TARGET_NAME)";
				SWIFT_EMIT_LOC_STRINGS = YES;
				SWIFT_VERSION = 5.0;
				TARGETED_DEVICE_FAMILY = "1,2";
			};
			name = Debug;
		};
		0328ECC72D030C34004FB71F /* Release */ = {
			isa = XCBuildConfiguration;
			buildSettings = {
				ASSETCATALOG_COMPILER_APPICON_NAME = AppIcon;
				ASSETCATALOG_COMPILER_GLOBAL_ACCENT_COLOR_NAME = AccentColor;
				CODE_SIGN_STYLE = Automatic;
				CURRENT_PROJECT_VERSION = 1;
				DEVELOPMENT_ASSET_PATHS = "\"ExpandableCardSwiftUI/Preview Content\"";
				ENABLE_PREVIEWS = YES;
				GENERATE_INFOPLIST_FILE = YES;
				INFOPLIST_KEY_UIApplicationSceneManifest_Generation = YES;
				INFOPLIST_KEY_UIApplicationSupportsIndirectInputEvents = YES;
				INFOPLIST_KEY_UILaunchScreen_Generation = YES;
				INFOPLIST_KEY_UISupportedInterfaceOrientations_iPad = "UIInterfaceOrientationPortrait UIInterfaceOrientationPortraitUpsideDown UIInterfaceOrientationLandscapeLeft UIInterfaceOrientationLandscapeRight";
				INFOPLIST_KEY_UISupportedInterfaceOrientations_iPhone = "UIInterfaceOrientationPortrait UIInterfaceOrientationLandscapeLeft UIInterfaceOrientationLandscapeRight";
				LD_RUNPATH_SEARCH_PATHS = (
					"$(inherited)",
					"@executable_path/Frameworks",
				);
				MARKETING_VERSION = 1.0;
				PRODUCT_BUNDLE_IDENTIFIER = com.sarath.ExpandableCardSwiftUI;
				PRODUCT_NAME = "$(TARGET_NAME)";
				SWIFT_EMIT_LOC_STRINGS = YES;
				SWIFT_VERSION = 5.0;
				TARGETED_DEVICE_FAMILY = "1,2";
			};
			name = Release;
		};
/* End XCBuildConfiguration section */

/* Begin XCConfigurationList section */
		0328ECB22D030C33004FB71F /* Build configuration list for PBXProject "ExpandableCardSwiftUI" */ = {
			isa = XCConfigurationList;
			buildConfigurations = (
				0328ECC32D030C34004FB71F /* Debug */,
				0328ECC42D030C34004FB71F /* Release */,
			);
			defaultConfigurationIsVisible = 0;
			defaultConfigurationName = Release;
		};
		0328ECC52D030C34004FB71F /* Build configuration list for PBXNativeTarget "ExpandableCardSwiftUI" */ = {
			isa = XCConfigurationList;
			buildConfigurations = (
				0328ECC62D030C34004FB71F /* Debug */,
				0328ECC72D030C34004FB71F /* Release */,
			);
			defaultConfigurationIsVisible = 0;
			defaultConfigurationName = Release;
		};
/* End XCConfigurationList section */
	};
	rootObject = 0328ECAF2D030C33004FB71F /* Project object */;
}
